
Microsoft Visual Studio Solution File, Format Version 12.00
# Visual Studio Version 16
VisualStudioVersion = 16.0.29411.108
MinimumVisualStudioVersion = 10.0.40219.1
Project("{FAE04EC0-301F-11D3-BF4B-00C04F79EFBC}") = "MultiDimensionalHomeSales", "MultiDimensionalHomeSales\MultiDimensionalHomeSales.csproj", "{1BA1BC74-FAF8-408E-816C-2BC67A2731B0}"
EndProject
Global
	GlobalSection(SolutionConfigurationPlatforms) = preSolution
		Debug|Any CPU = Debug|Any CPU
		Release|Any CPU = Release|Any CPU
	EndGlobalSection
	GlobalSection(ProjectConfigurationPlatforms) = postSolution
		{1BA1BC74-FAF8-408E-816C-2BC67A2731B0}.Debug|Any CPU.ActiveCfg = Debug|Any CPU
		{1BA1BC74-FAF8-408E-816C-2BC67A2731B0}.Debug|Any CPU.Build.0 = Debug|Any CPU
		{1BA1BC74-FAF8-408E-816C-2BC67A2731B0}.Release|Any CPU.ActiveCfg = Release|Any CPU
		{1BA1BC74-FAF8-408E-816C-2BC67A2731B0}.Release|Any CPU.Build.0 = Release|Any CPU
	EndGlobalSection
	GlobalSection(SolutionProperties) = preSolution
		HideSolutionNode = FALSE
	EndGlobalSection
	GlobalSection(ExtensibilityGlobals) = postSolution
		SolutionGuid = {60D8963C-706D-486C-9563-CF42BC4B8EB5}
	EndGlobalSection
EndGlobal
